
Microsoft Visual Studio Solution File, Format Version 12.00
# Visual Studio Version 16
VisualStudioVersion = 16.0.31410.223
MinimumVisualStudioVersion = 10.0.40219.1
Project("{FAE04EC0-301F-11D3-BF4B-00C04F79EFBC}") = "DemoAsyncAwait", "DemoAsyncAwait.csproj", "{A78A43AB-00FF-445C-9D43-810E20E2F47B}"
EndProject
Project("{2150E333-8FDC-42A3-9474-1A3956D46DE8}") = "Solution Items", "Solution Items", "{53B07ED9-90A5-4B2D-AFDB-CBB4909C14EE}"
	ProjectSection(SolutionItems) = preProject
		.editorconfig = .editorconfig
		ReadmeFirst.txt = ReadmeFirst.txt
	EndProjectSection
EndProject
Global
	GlobalSection(SolutionConfigurationPlatforms) = preSolution
		Debug|Any CPU = Debug|Any CPU
		Release|Any CPU = Release|Any CPU
	EndGlobalSection
	GlobalSection(ProjectConfigurationPlatforms) = postSolution
		{A78A43AB-00FF-445C-9D43-810E20E2F47B}.Debug|Any CPU.ActiveCfg = Debug|Any CPU
		{A78A43AB-00FF-445C-9D43-810E20E2F47B}.Debug|Any CPU.Build.0 = Debug|Any CPU
		{A78A43AB-00FF-445C-9D43-810E20E2F47B}.Release|Any CPU.ActiveCfg = Release|Any CPU
		{A78A43AB-00FF-445C-9D43-810E20E2F47B}.Release|Any CPU.Build.0 = Release|Any CPU
	EndGlobalSection
	GlobalSection(SolutionProperties) = preSolution
		HideSolutionNode = FALSE
	EndGlobalSection
	GlobalSection(ExtensibilityGlobals) = postSolution
		SolutionGuid = {05C27BD0-5EDE-4F46-902C-96205AE72F03}
	EndGlobalSection
EndGlobal
